
Microsoft Visual Studio Solution File, Format Version 12.00
# Visual Studio Version 16
VisualStudioVersion = 16.0.29613.14
MinimumVisualStudioVersion = 10.0.40219.1
Project("{FAE04EC0-301F-11D3-BF4B-00C04F79EFBC}") = "LibraryTerminal", "LibraryTerminal\LibraryTerminal.csproj", "{0D79195B-2FCE-43D5-8FEA-DEAE20396F1E}"
EndProject
Global
	GlobalSection(SolutionConfigurationPlatforms) = preSolution
		Debug|Any CPU = Debug|Any CPU
		Release|Any CPU = Release|Any CPU
	EndGlobalSection
	GlobalSection(ProjectConfigurationPlatforms) = postSolution
		{0D79195B-2FCE-43D5-8FEA-DEAE20396F1E}.Debug|Any CPU.ActiveCfg = Debug|Any CPU
		{0D79195B-2FCE-43D5-8FEA-DEAE20396F1E}.Debug|Any CPU.Build.0 = Debug|Any CPU
		{0D79195B-2FCE-43D5-8FEA-DEAE20396F1E}.Release|Any CPU.ActiveCfg = Release|Any CPU
		{0D79195B-2FCE-43D5-8FEA-DEAE20396F1E}.Release|Any CPU.Build.0 = Release|Any CPU
	EndGlobalSection
	GlobalSection(SolutionProperties) = preSolution
		HideSolutionNode = FALSE
	EndGlobalSection
	GlobalSection(ExtensibilityGlobals) = postSolution
		SolutionGuid = {E604E090-5B44-42BD-8DB8-4F88539EE514}
	EndGlobalSection
EndGlobal
