
Microsoft Visual Studio Solution File, Format Version 12.00
# Visual Studio 15
Project("{FAE04EC0-301F-11D3-BF4B-00C04F79EFBC}") = "LibraryTerminal", "LibraryTerminal.csproj", "{B2BBC5C2-4E0F-472C-94E9-588E7F959CBE}"
EndProject
Global
	GlobalSection(SolutionConfigurationPlatforms) = preSolution
		Debug|Any CPU = Debug|Any CPU
		Release|Any CPU = Release|Any CPU
	EndGlobalSection
	GlobalSection(ProjectConfigurationPlatforms) = postSolution
		{B2BBC5C2-4E0F-472C-94E9-588E7F959CBE}.Debug|Any CPU.ActiveCfg = Debug|Any CPU
		{B2BBC5C2-4E0F-472C-94E9-588E7F959CBE}.Debug|Any CPU.Build.0 = Debug|Any CPU
		{B2BBC5C2-4E0F-472C-94E9-588E7F959CBE}.Release|Any CPU.ActiveCfg = Release|Any CPU
		{B2BBC5C2-4E0F-472C-94E9-588E7F959CBE}.Release|Any CPU.Build.0 = Release|Any CPU
	EndGlobalSection
EndGlobal
